
Microsoft Visual Studio Solution File, Format Version 12.00
# Visual Studio Version 16
VisualStudioVersion = 16.0.33423.256
MinimumVisualStudioVersion = 10.0.40219.1
Project("{FAE04EC0-301F-11D3-BF4B-00C04F79EFBC}") = "studentsmanagementsystem", "studentsmanagementsystem.csproj", "{B30DA17B-BFFE-4C52-BC36-A8FE8BDB6E6A}"
EndProject
Global
	GlobalSection(SolutionConfigurationPlatforms) = preSolution
		Debug|Any CPU = Debug|Any CPU
		Release|Any CPU = Release|Any CPU
	EndGlobalSection
	GlobalSection(ProjectConfigurationPlatforms) = postSolution
		{B30DA17B-BFFE-4C52-BC36-A8FE8BDB6E6A}.Debug|Any CPU.ActiveCfg = Debug|Any CPU
		{B30DA17B-BFFE-4C52-BC36-A8FE8BDB6E6A}.Debug|Any CPU.Build.0 = Debug|Any CPU
		{B30DA17B-BFFE-4C52-BC36-A8FE8BDB6E6A}.Release|Any CPU.ActiveCfg = Release|Any CPU
		{B30DA17B-BFFE-4C52-BC36-A8FE8BDB6E6A}.Release|Any CPU.Build.0 = Release|Any CPU
	EndGlobalSection
	GlobalSection(SolutionProperties) = preSolution
		HideSolutionNode = FALSE
	EndGlobalSection
	GlobalSection(ExtensibilityGlobals) = postSolution
		SolutionGuid = {571ABFA5-BE9D-48D6-A825-B646E795E31D}
	EndGlobalSection
EndGlobal
